// !$*UTF8*$!
{
	archiveVersion = 1;
	classes = {
	};
	objectVersion = 48;
	objects = {

/* Begin PBXBuildFile section */
		84578DB11FD52D9200C2C96F /* AppDelegate.swift in Sources */ = {isa = PBXBuildFile; fileRef = 84578DB01FD52D9200C2C96F /* AppDelegate.swift */; };
		84578DB31FD52D9200C2C96F /* ViewController.swift in Sources */ = {isa = PBXBuildFile; fileRef = 84578DB21FD52D9200C2C96F /* ViewController.swift */; };
		84578DB61FD52D9200C2C96F /* Main.storyboard in Resources */ = {isa = PBXBuildFile; fileRef = 84578DB41FD52D9200C2C96F /* Main.storyboard */; };
		84578DB81FD52D9200C2C96F /* Assets.xcassets in Resources */ = {isa = PBXBuildFile; fileRef = 84578DB71FD52D9200C2C96F /* Assets.xcassets */; };
		84578DBB1FD52D9200C2C96F /* LaunchScreen.storyboard in Resources */ = {isa = PBXBuildFile; fileRef = 84578DB91FD52D9200C2C96F /* LaunchScreen.storyboard */; };
/* End PBXBuildFile section */

/* Begin PBXFileReference section */
		84578DAD1FD52D9200C2C96F /* task16GestureRecognizers.app */ = {isa = PBXFileReference; explicitFileType = wrapper.application; includeInIndex = 0; path = task16GestureRecognizers.app; sourceTree = BUILT_PRODUCTS_DIR; };
		84578DB01FD52D9200C2C96F /* AppDelegate.swift */ = {isa = PBXFileReference; lastKnownFileType = sourcecode.swift; path = AppDelegate.swift; sourceTree = "<group>"; };
		84578DB21FD52D9200C2C96F /* ViewController.swift */ = {isa = PBXFileReference; lastKnownFileType = sourcecode.swift; path = ViewController.swift; sourceTree = "<group>"; };
		84578DB51FD52D9200C2C96F /* Base */ = {isa = PBXFileReference; lastKnownFileType = file.storyboard; name = Base; path = Base.lproj/Main.storyboard; sourceTree = "<group>"; };
		84578DB71FD52D9200C2C96F /* Assets.xcassets */ = {isa = PBXFileReference; lastKnownFileType = folder.assetcatalog; path = Assets.xcassets; sourceTree = "<group>"; };
		84578DBA1FD52D9200C2C96F /* Base */ = {isa = PBXFileReference; lastKnownFileType = file.storyboard; name = Base; path = Base.lproj/LaunchScreen.storyboard; sourceTree = "<group>"; };
		84578DBC1FD52D9200C2C96F /* Info.plist */ = {isa = PBXFileReference; lastKnownFileType = text.plist.xml; path = Info.plist; sourceTree = "<group>"; };
/* End PBXFileReference section */

/* Begin PBXFrameworksBuildPhase section */
		84578DAA1FD52D9200C2C96F /* Frameworks */ = {
			isa = PBXFrameworksBuildPhase;
			buildActionMask = 2147483647;
			files = (
			);
			runOnlyForDeploymentPostprocessing = 0;
		};
/* End PBXFrameworksBuildPhase section */

/* Begin PBXGroup section */
		84578DA41FD52D9200C2C96F = {
			isa = PBXGroup;
			children = (
				84578DAF1FD52D9200C2C96F /* task16GestureRecognizers */,
				84578DAE1FD52D9200C2C96F /* Products */,
			);
			sourceTree = "<group>";
		};
		84578DAE1FD52D9200C2C96F /* Products */ = {
			isa = PBXGroup;
			children = (
				84578DAD1FD52D9200C2C96F /* task16GestureRecognizers.app */,
			);
			name = Products;
			sourceTree = "<group>";
		};
		84578DAF1FD52D9200C2C96F /* task16GestureRecognizers */ = {
			isa = PBXGroup;
			children = (
				84578DB01FD52D9200C2C96F /* AppDelegate.swift */,
				84578DB21FD52D9200C2C96F /* ViewController.swift */,
				84578DB41FD52D9200C2C96F /* Main.storyboard */,
				84578DB71FD52D9200C2C96F /* Assets.xcassets */,
				84578DB91FD52D9200C2C96F /* LaunchScreen.storyboard */,
				84578DBC1FD52D9200C2C96F /* Info.plist */,
			);
			path = task16GestureRecognizers;
			sourceTree = "<group>";
		};
/* End PBXGroup section */

/* Begin PBXNativeTarget section */
		84578DAC1FD52D9200C2C96F /* task16GestureRecognizers */ = {
			isa = PBXNativeTarget;
			buildConfigurationList = 84578DBF1FD52D9200C2C96F /* Build configuration list for PBXNativeTarget "task16GestureRecognizers" */;
			buildPhases = (
				84578DA91FD52D9200C2C96F /* Sources */,
				84578DAA1FD52D9200C2C96F /* Frameworks */,
				84578DAB1FD52D9200C2C96F /* Resources */,
			);
			buildRules = (
			);
			dependencies = (
			);
			name = task16GestureRecognizers;
			productName = task16GestureRecognizers;
			productReference = 84578DAD1FD52D9200C2C96F /* task16GestureRecognizers.app */;
			productType = "com.apple.product-type.application";
		};
/* End PBXNativeTarget section */

/* Begin PBXProject section */
		84578DA51FD52D9200C2C96F /* Project object */ = {
			isa = PBXProject;
			attributes = {
				LastSwiftUpdateCheck = 0900;
				LastUpgradeCheck = 0900;
				ORGANIZATIONNAME = Bioprom;
				TargetAttributes = {
					84578DAC1FD52D9200C2C96F = {
						CreatedOnToolsVersion = 9.0;
						ProvisioningStyle = Automatic;
					};
				};
			};
			buildConfigurationList = 84578DA81FD52D9200C2C96F /* Build configuration list for PBXProject "task16GestureRecognizers" */;
			compatibilityVersion = "Xcode 8.0";
			developmentRegion = en;
			hasScannedForEncodings = 0;
			knownRegions = (
				en,
				Base,
			);
			mainGroup = 84578DA41FD52D9200C2C96F;
			productRefGroup = 84578DAE1FD52D9200C2C96F /* Products */;
			projectDirPath = "";
			projectRoot = "";
			targets = (
				84578DAC1FD52D9200C2C96F /* task16GestureRecognizers */,
			);
		};
/* End PBXProject section */

/* Begin PBXResourcesBuildPhase section */
		84578DAB1FD52D9200C2C96F /* Resources */ = {
			isa = PBXResourcesBuildPhase;
			buildActionMask = 2147483647;
			files = (
				84578DBB1FD52D9200C2C96F /* LaunchScreen.storyboard in Resources */,
				84578DB81FD52D9200C2C96F /* Assets.xcassets in Resources */,
				84578DB61FD52D9200C2C96F /* Main.storyboard in Resources */,
			);
			runOnlyForDeploymentPostprocessing = 0;
		};
/* End PBXResourcesBuildPhase section */

/* Begin PBXSourcesBuildPhase section */
		84578DA91FD52D9200C2C96F /* Sources */ = {
			isa = PBXSourcesBuildPhase;
			buildActionMask = 2147483647;
			files = (
				84578DB31FD52D9200C2C96F /* ViewController.swift in Sources */,
				84578DB11FD52D9200C2C96F /* AppDelegate.swift in Sources */,
			);
			runOnlyForDeploymentPostprocessing = 0;
		};
/* End PBXSourcesBuildPhase section */

/* Begin PBXVariantGroup section */
		84578DB41FD52D9200C2C96F /* Main.storyboard */ = {
			isa = PBXVariantGroup;
			children = (
				84578DB51FD52D9200C2C96F /* Base */,
			);
			name = Main.storyboard;
			sourceTree = "<group>";
		};
		84578DB91FD52D9200C2C96F /* LaunchScreen.storyboard */ = {
			isa = PBXVariantGroup;
			children = (
				84578DBA1FD52D9200C2C96F /* Base */,
			);
			name = LaunchScreen.storyboard;
			sourceTree = "<group>";
		};
/* End PBXVariantGroup section */

/* Begin XCBuildConfiguration section */
		84578DBD1FD52D9200C2C96F /* Debug */ = {
			isa = XCBuildConfiguration;
			buildSettings = {
				ALWAYS_SEARCH_USER_PATHS = NO;
				CLANG_ANALYZER_NONNULL = YES;
				CLANG_ANALYZER_NUMBER_OBJECT_CONVERSION = YES_AGGRESSIVE;
				CLANG_CXX_LANGUAGE_STANDARD = "gnu++14";
				CLANG_CXX_LIBRARY = "libc++";
				CLANG_ENABLE_MODULES = YES;
				CLANG_ENABLE_OBJC_ARC = YES;
				CLANG_WARN_BLOCK_CAPTURE_AUTORELEASING = YES;
				CLANG_WARN_BOOL_CONVERSION = YES;
				CLANG_WARN_COMMA = YES;
				CLANG_WARN_CONSTANT_CONVERSION = YES;
				CLANG_WARN_DIRECT_OBJC_ISA_USAGE = YES_ERROR;
				CLANG_WARN_DOCUMENTATION_COMMENTS = YES;
				CLANG_WARN_EMPTY_BODY = YES;
				CLANG_WARN_ENUM_CONVERSION = YES;
				CLANG_WARN_INFINITE_RECURSION = YES;
				CLANG_WARN_INT_CONVERSION = YES;
				CLANG_WARN_NON_LITERAL_NULL_CONVERSION = YES;
				CLANG_WARN_OBJC_LITERAL_CONVERSION = YES;
				CLANG_WARN_OBJC_ROOT_CLASS = YES_ERROR;
				CLANG_WARN_RANGE_LOOP_ANALYSIS = YES;
				CLANG_WARN_STRICT_PROTOTYPES = YES;
				CLANG_WARN_SUSPICIOUS_MOVE = YES;
				CLANG_WARN_UNGUARDED_AVAILABILITY = YES_AGGRESSIVE;
				CLANG_WARN_UNREACHABLE_CODE = YES;
				CLANG_WARN__DUPLICATE_METHOD_MATCH = YES;
				CODE_SIGN_IDENTITY = "iPhone Developer";
				COPY_PHASE_STRIP = NO;
				DEBUG_INFORMATION_FORMAT = dwarf;
				ENABLE_STRICT_OBJC_MSGSEND = YES;
				ENABLE_TESTABILITY = YES;
				GCC_C_LANGUAGE_STANDARD = gnu11;
				GCC_DYNAMIC_NO_PIC = NO;
				GCC_NO_COMMON_BLOCKS = YES;
				GCC_OPTIMIZATION_LEVEL = 0;
				GCC_PREPROCESSOR_DEFINITIONS = (
					"DEBUG=1",
					"$(inherited)",
				);
				GCC_WARN_64_TO_32_BIT_CONVERSION = YES;
				GCC_WARN_ABOUT_RETURN_TYPE = YES_ERROR;
				GCC_WARN_UNDECLARED_SELECTOR = YES;
				GCC_WARN_UNINITIALIZED_AUTOS = YES_AGGRESSIVE;
				GCC_WARN_UNUSED_FUNCTION = YES;
				GCC_WARN_UNUSED_VARIABLE = YES;
				IPHONEOS_DEPLOYMENT_TARGET = 10.0;
				MTL_ENABLE_DEBUG_INFO = YES;
				ONLY_ACTIVE_ARCH = YES;
				SDKROOT = iphoneos;
				SWIFT_ACTIVE_COMPILATION_CONDITIONS = DEBUG;
				SWIFT_OPTIMIZATION_LEVEL = "-Onone";
			};
			name = Debug;
		};
		84578DBE1FD52D9200C2C96F /* Release */ = {
			isa = XCBuildConfiguration;
			buildSettings = {
				ALWAYS_SEARCH_USER_PATHS = NO;
				CLANG_ANALYZER_NONNULL = YES;
				CLANG_ANALYZER_NUMBER_OBJECT_CONVERSION = YES_AGGRESSIVE;
				CLANG_CXX_LANGUAGE_STANDARD = "gnu++14";
				CLANG_CXX_LIBRARY = "libc++";
				CLANG_ENABLE_MODULES = YES;
				CLANG_ENABLE_OBJC_ARC = YES;
				CLANG_WARN_BLOCK_CAPTURE_AUTORELEASING = YES;
				CLANG_WARN_BOOL_CONVERSION = YES;
				CLANG_WARN_COMMA = YES;
				CLANG_WARN_CONSTANT_CONVERSION = YES;
				CLANG_WARN_DIRECT_OBJC_ISA_USAGE = YES_ERROR;
				CLANG_WARN_DOCUMENTATION_COMMENTS = YES;
				CLANG_WARN_EMPTY_BODY = YES;
				CLANG_WARN_ENUM_CONVERSION = YES;
				CLANG_WARN_INFINITE_RECURSION = YES;
				CLANG_WARN_INT_CONVERSION = YES;
				CLANG_WARN_NON_LITERAL_NULL_CONVERSION = YES;
				CLANG_WARN_OBJC_LITERAL_CONVERSION = YES;
				CLANG_WARN_OBJC_ROOT_CLASS = YES_ERROR;
				CLANG_WARN_RANGE_LOOP_ANALYSIS = YES;
				CLANG_WARN_STRICT_PROTOTYPES = YES;
				CLANG_WARN_SUSPICIOUS_MOVE = YES;
				CLANG_WARN_UNGUARDED_AVAILABILITY = YES_AGGRESSIVE;
				CLANG_WARN_UNREACHABLE_CODE = YES;
				CLANG_WARN__DUPLICATE_METHOD_MATCH = YES;
				CODE_SIGN_IDENTITY = "iPhone Developer";
				COPY_PHASE_STRIP = NO;
				DEBUG_INFORMATION_FORMAT = "dwarf-with-dsym";
				ENABLE_NS_ASSERTIONS = NO;
				ENABLE_STRICT_OBJC_MSGSEND = YES;
				GCC_C_LANGUAGE_STANDARD = gnu11;
				GCC_NO_COMMON_BLOCKS = YES;
				GCC_WARN_64_TO_32_BIT_CONVERSION = YES;
				GCC_WARN_ABOUT_RETURN_TYPE = YES_ERROR;
				GCC_WARN_UNDECLARED_SELECTOR = YES;
				GCC_WARN_UNINITIALIZED_AUTOS = YES_AGGRESSIVE;
				GCC_WARN_UNUSED_FUNCTION = YES;
				GCC_WARN_UNUSED_VARIABLE = YES;
				IPHONEOS_DEPLOYMENT_TARGET = 10.0;
				MTL_ENABLE_DEBUG_INFO = NO;
				SDKROOT = iphoneos;
				SWIFT_OPTIMIZATION_LEVEL = "-Owholemodule";
				VALIDATE_PRODUCT = YES;
			};
			name = Release;
		};
		84578DC01FD52D9200C2C96F /* Debug */ = {
			isa = XCBuildConfiguration;
			buildSettings = {
				ASSETCATALOG_COMPILER_APPICON_NAME = AppIcon;
				CODE_SIGN_STYLE = Automatic;
				INFOPLIST_FILE = task16GestureRecognizers/Info.plist;
				LD_RUNPATH_SEARCH_PATHS = "$(inherited) @executable_path/Frameworks";
				PRODUCT_BUNDLE_IDENTIFIER = ua.com.Bioprom.task16GestureRecognizers;
				PRODUCT_NAME = "$(TARGET_NAME)";
				SWIFT_VERSION = 4.0;
				TARGETED_DEVICE_FAMILY = "1,2";
			};
			name = Debug;
		};
		84578DC11FD52D9200C2C96F /* Release */ = {
			isa = XCBuildConfiguration;
			buildSettings = {
				ASSETCATALOG_COMPILER_APPICON_NAME = AppIcon;
				CODE_SIGN_STYLE = Automatic;
				INFOPLIST_FILE = task16GestureRecognizers/Info.plist;
				LD_RUNPATH_SEARCH_PATHS = "$(inherited) @executable_path/Frameworks";
				PRODUCT_BUNDLE_IDENTIFIER = ua.com.Bioprom.task16GestureRecognizers;
				PRODUCT_NAME = "$(TARGET_NAME)";
				SWIFT_VERSION = 4.0;
				TARGETED_DEVICE_FAMILY = "1,2";
			};
			name = Release;
		};
/* End XCBuildConfiguration section */

/* Begin XCConfigurationList section */
		84578DA81FD52D9200C2C96F /* Build configuration list for PBXProject "task16GestureRecognizers" */ = {
			isa = XCConfigurationList;
			buildConfigurations = (
				84578DBD1FD52D9200C2C96F /* Debug */,
				84578DBE1FD52D9200C2C96F /* Release */,
			);
			defaultConfigurationIsVisible = 0;
			defaultConfigurationName = Release;
		};
		84578DBF1FD52D9200C2C96F /* Build configuration list for PBXNativeTarget "task16GestureRecognizers" */ = {
			isa = XCConfigurationList;
			buildConfigurations = (
				84578DC01FD52D9200C2C96F /* Debug */,
				84578DC11FD52D9200C2C96F /* Release */,
			);
			defaultConfigurationIsVisible = 0;
			defaultConfigurationName = Release;
		};
/* End XCConfigurationList section */
	};
	rootObject = 84578DA51FD52D9200C2C96F /* Project object */;
}
